
Microsoft Visual Studio Solution File, Format Version 12.00
# Visual Studio Version 16
VisualStudioVersion = 16.0.30611.23
MinimumVisualStudioVersion = 10.0.40219.1
Project("{FAE04EC0-301F-11D3-BF4B-00C04F79EFBC}") = "ChatServer", "ChatServer.csproj", "{564ABC63-55EE-4AAC-9C30-4979E65F0F2B}"
EndProject
Project("{FAE04EC0-301F-11D3-BF4B-00C04F79EFBC}") = "ChatClient", "..\ChatClient\ChatClient.csproj", "{AB7FAC6F-3E77-4E55-BBC4-90613EEADFAC}"
EndProject
Global
	GlobalSection(SolutionConfigurationPlatforms) = preSolution
		Debug|Any CPU = Debug|Any CPU
		Release|Any CPU = Release|Any CPU
	EndGlobalSection
	GlobalSection(ProjectConfigurationPlatforms) = postSolution
		{564ABC63-55EE-4AAC-9C30-4979E65F0F2B}.Debug|Any CPU.ActiveCfg = Debug|Any CPU
		{564ABC63-55EE-4AAC-9C30-4979E65F0F2B}.Debug|Any CPU.Build.0 = Debug|Any CPU
		{564ABC63-55EE-4AAC-9C30-4979E65F0F2B}.Release|Any CPU.ActiveCfg = Release|Any CPU
		{564ABC63-55EE-4AAC-9C30-4979E65F0F2B}.Release|Any CPU.Build.0 = Release|Any CPU
		{AB7FAC6F-3E77-4E55-BBC4-90613EEADFAC}.Debug|Any CPU.ActiveCfg = Debug|Any CPU
		{AB7FAC6F-3E77-4E55-BBC4-90613EEADFAC}.Debug|Any CPU.Build.0 = Debug|Any CPU
		{AB7FAC6F-3E77-4E55-BBC4-90613EEADFAC}.Release|Any CPU.ActiveCfg = Release|Any CPU
		{AB7FAC6F-3E77-4E55-BBC4-90613EEADFAC}.Release|Any CPU.Build.0 = Release|Any CPU
	EndGlobalSection
	GlobalSection(SolutionProperties) = preSolution
		HideSolutionNode = FALSE
	EndGlobalSection
	GlobalSection(ExtensibilityGlobals) = postSolution
		SolutionGuid = {0FE776BE-60ED-45C0-AF5A-19BBAB6CA929}
	EndGlobalSection
EndGlobal
